Microsoft Visual Studio Solution File, Format Version 12.00
# Visual Studio 15
VisualStudioVersion = 15.0.27703.2042
MinimumVisualStudioVersion = 10.0.40219.1
Project("{FAE04EC0-301F-11D3-BF4B-00C04F79EFBC}") = "KomaHub", "KomaHub\KomaHub.csproj", "{E50344E2-2D0B-4229-B702-776D507D72C2}"
EndProject
Project("{54435603-DBB4-11D2-8724-00A0C9A8B90C}") = "Setup", "Setup\Setup.vdproj", "{2F61AF7E-5292-4A53-A15E-96F7CC6D15BE}"
EndProject
Project("{FAE04EC0-301F-11D3-BF4B-00C04F79EFBC}") = "KomaHubObservingConditions", "..\ASCOMObservingConditions\KomaHubObservingConditions.csproj", "{64308775-BD4A-469C-BCAB-3ED830B811AF}"
EndProject
Global
	GlobalSection(SolutionConfigurationPlatforms) = preSolution
		Debug|Any CPU = Debug|Any CPU
		Release|Any CPU = Release|Any CPU
	EndGlobalSection
	GlobalSection(ProjectConfigurationPlatforms) = postSolution
		{E50344E2-2D0B-4229-B702-776D507D72C2}.Debug|Any CPU.ActiveCfg = Debug|Any CPU
		{E50344E2-2D0B-4229-B702-776D507D72C2}.Debug|Any CPU.Build.0 = Debug|Any CPU
		{E50344E2-2D0B-4229-B702-776D507D72C2}.Release|Any CPU.ActiveCfg = Release|Any CPU
		{E50344E2-2D0B-4229-B702-776D507D72C2}.Release|Any CPU.Build.0 = Release|Any CPU
		{2F61AF7E-5292-4A53-A15E-96F7CC6D15BE}.Debug|Any CPU.ActiveCfg = Debug
		{2F61AF7E-5292-4A53-A15E-96F7CC6D15BE}.Release|Any CPU.ActiveCfg = Release
		{64308775-BD4A-469C-BCAB-3ED830B811AF}.Debug|Any CPU.ActiveCfg = Debug|Any CPU
		{64308775-BD4A-469C-BCAB-3ED830B811AF}.Debug|Any CPU.Build.0 = Debug|Any CPU
		{64308775-BD4A-469C-BCAB-3ED830B811AF}.Release|Any CPU.ActiveCfg = Release|Any CPU
		{64308775-BD4A-469C-BCAB-3ED830B811AF}.Release|Any CPU.Build.0 = Release|Any CPU
	EndGlobalSection
	GlobalSection(SolutionProperties) = preSolution
		HideSolutionNode = FALSE
	EndGlobalSection
	GlobalSection(ExtensibilityGlobals) = postSolution
		SolutionGuid = {C92782B7-27F9-428C-8127-1028762CB2B2}
	EndGlobalSection
EndGlobal
